
Microsoft Visual Studio Solution File, Format Version 12.00
# Visual Studio 2012
Project("{FAE04EC0-301F-11D3-BF4B-00C04F79EFBC}") = "dwdwd", "dwdwd\dwdwd.csproj", "{AA544C41-7300-449F-B83B-0B0CE4F07876}"
EndProject
Global
	GlobalSection(SolutionConfigurationPlatforms) = preSolution
		Debug|Any CPU = Debug|Any CPU
		Release|Any CPU = Release|Any CPU
	EndGlobalSection
	GlobalSection(ProjectConfigurationPlatforms) = postSolution
		{AA544C41-7300-449F-B83B-0B0CE4F07876}.Debug|Any CPU.ActiveCfg = Debug|Any CPU
		{AA544C41-7300-449F-B83B-0B0CE4F07876}.Debug|Any CPU.Build.0 = Debug|Any CPU
		{AA544C41-7300-449F-B83B-0B0CE4F07876}.Release|Any CPU.ActiveCfg = Release|Any CPU
		{AA544C41-7300-449F-B83B-0B0CE4F07876}.Release|Any CPU.Build.0 = Release|Any CPU
	EndGlobalSection
EndGlobal
